<?xml version="1.0" encoding="utf-8"?>
<Project ToolsVersion="4.0" xmlns="http://schemas.microsoft.com/developer/msbuild/2003">
  <ItemGroup>
    <Filter Include="Source Files">
      <UniqueIdentifier>{4FC737F1-C7A5-4376-A066-2A32D752A2FF}</UniqueIdentifier>
      <Extensions>cpp;c;cc;cxx;def;odl;idl;hpj;bat;asm;asmx</Extensions>
    </Filter>
    <Filter Include="Header Files">
      <UniqueIdentifier>{93995380-89BD-4b04-88EB-625FBE52EBFB}</UniqueIdentifier>
      <Extensions>h;hpp;hxx;hm;inl;inc;xsd</Extensions>
    </Filter>
    <Filter Include="Resource Files">
      <UniqueIdentifier>{67DA6AB6-F800-4c08-8B7A-83BB121AAD01}</UniqueIdentifier>
      <Extensions>rc;ico;cur;bmp;dlg;rc2;rct;bin;rgs;gif;jpg;jpeg;jpe;resx;tiff;tif;png;wav;mfcribbon-ms</Extensions>
    </Filter>
    <Filter Include="Header Files\actors">
      <UniqueIdentifier>{09fdb7f4-eaa1-4462-b772-6c5514b34612}</UniqueIdentifier>
    </Filter>
    <Filter Include="Header Files\objects">
      <UniqueIdentifier>{5018c60b-bc89-4e78-991b-a62bcbe9b4f0}</UniqueIdentifier>
    </Filter>
    <Filter Include="Header Files\auxiliary">
      <UniqueIdentifier>{300c5dee-05cf-4439-a004-190f45190891}</UniqueIdentifier>
    </Filter>
    <Filter Include="Header Files\structures">
      <UniqueIdentifier>{17fea752-5506-4819-9423-c863ddaca6f2}</UniqueIdentifier>
    </Filter>
    <Filter Include="Header Files\structures\htlib">
      <UniqueIdentifier>{9e3c9228-68a5-4a1e-b883-b84cd712d202}</UniqueIdentifier>
    </Filter>
    <Filter Include="Header Files\essential">
      <UniqueIdentifier>{d03c1c4a-d0a7-448f-8c88-eaaa0c804bc8}</UniqueIdentifier>
    </Filter>
  </ItemGroup>
  <ItemGroup>
    <ClInclude Include="src\Car.h">
      <Filter>Header Files\objects</Filter>
    </ClInclude>
    <ClInclude Include="src\Chef.h">
      <Filter>Header Files\actors</Filter>
    </ClInclude>
    <ClInclude Include="src\Table.h">
      <Filter>Header Files\objects</Filter>
    </ClInclude>
    <ClInclude Include="src\htl\hvector.h">
      <Filter>Header Files\structures\htlib</Filter>
    </ClInclude>
    <ClInclude Include="src\htl\hallocator.h">
      <Filter>Header Files\structures\htlib</Filter>
    </ClInclude>
    <ClInclude Include="src\htl\hiterators.h">
      <Filter>Header Files\structures\htlib</Filter>
    </ClInclude>
    <ClInclude Include="src\htl\hlist_node.h">
      <Filter>Header Files\structures\htlib</Filter>
    </ClInclude>
    <ClInclude Include="src\htl\hiterator.h">
      <Filter>Header Files\structures\htlib</Filter>
    </ClInclude>
    <ClInclude Include="src\htl\hlist.h">
      <Filter>Header Files\structures\htlib</Filter>
    </ClInclude>
    <ClInclude Include="src\Balcony.h">
      <Filter>Header Files\objects</Filter>
    </ClInclude>
    <ClInclude Include="src\htl\hqueue.h">
      <Filter>Header Files\structures\htlib</Filter>
    </ClInclude>
    <ClInclude Include="src\Chronometer.h">
      <Filter>Header Files\auxiliary</Filter>
    </ClInclude>
    <ClInclude Include="src\SortedList.h">
      <Filter>Header Files\structures</Filter>
    </ClInclude>
    <ClInclude Include="src\SearchBinTree.h">
      <Filter>Header Files\structures</Filter>
    </ClInclude>
    <ClInclude Include="src\UserInterface.h">
      <Filter>Header Files\essential</Filter>
    </ClInclude>
    <ClInclude Include="src\TableMatrix.h">
      <Filter>Header Files\essential</Filter>
    </ClInclude>
    <ClInclude Include="src\ItemFactory.h">
      <Filter>Header Files\auxiliary</Filter>
    </ClInclude>
    <ClInclude Include="src\Item.h">
      <Filter>Header Files\objects</Filter>
    </ClInclude>
    <ClInclude Include="src\RestaurantRegistry.h">
      <Filter>Header Files\essential</Filter>
    </ClInclude>
    <ClInclude Include="src\Parking.h">
      <Filter>Header Files\essential</Filter>
    </ClInclude>
  </ItemGroup>
  <ItemGroup>
    <ClCompile Include="main.cpp">
      <Filter>Source Files</Filter>
    </ClCompile>
    <ClCompile Include="src\UserInterface.cpp">
      <Filter>Source Files</Filter>
    </ClCompile>
    <ClCompile Include="src\TableMatrix.cpp">
      <Filter>Source Files</Filter>
    </ClCompile>
    <ClCompile Include="src\ItemFactory.cpp">
      <Filter>Source Files</Filter>
    </ClCompile>
    <ClCompile Include="src\Chronometer.cpp">
      <Filter>Source Files</Filter>
    </ClCompile>
    <ClCompile Include="src\Chef.cpp">
      <Filter>Source Files</Filter>
    </ClCompile>
    <ClCompile Include="src\Parking.cpp">
      <Filter>Source Files</Filter>
    </ClCompile>
  </ItemGroup>
</Project>